
Microsoft Visual Studio Solution File, Format Version 12.00
# Visual Studio Version 17
VisualStudioVersion = 17.14.36705.20 d17.14
MinimumVisualStudioVersion = 10.0.40219.1
Project("{FAE04EC0-301F-11D3-BF4B-00C04F79EFBC}") = "cAthlet", "cAthlet\cAthlet.csproj", "{F1210CB7-C9B0-433C-992D-534B8F25B39C}"
EndProject
Global
	GlobalSection(SolutionConfigurationPlatforms) = preSolution
		Debug|Any CPU = Debug|Any CPU
		Release|Any CPU = Release|Any CPU
	EndGlobalSection
	GlobalSection(ProjectConfigurationPlatforms) = postSolution
		{F1210CB7-C9B0-433C-992D-534B8F25B39C}.Debug|Any CPU.ActiveCfg = Debug|Any CPU
		{F1210CB7-C9B0-433C-992D-534B8F25B39C}.Debug|Any CPU.Build.0 = Debug|Any CPU
		{F1210CB7-C9B0-433C-992D-534B8F25B39C}.Release|Any CPU.ActiveCfg = Release|Any CPU
		{F1210CB7-C9B0-433C-992D-534B8F25B39C}.Release|Any CPU.Build.0 = Release|Any CPU
	EndGlobalSection
	GlobalSection(SolutionProperties) = preSolution
		HideSolutionNode = FALSE
	EndGlobalSection
	GlobalSection(ExtensibilityGlobals) = postSolution
		SolutionGuid = {16520FD9-8DBF-4BA7-91A2-4382B91D3313}
	EndGlobalSection
EndGlobal
